DNS Routing Work hard in silence, let your success be your noise. Do what you love and the money will follow. Monitoring If you can dream it, you can do it. I find that the harder I work, the more luck I seem to have. Load Balancing Firewalls Agile
Cache Invalidation Big Data Blockchain To be the best, you must be able to handle the worst. Container Orchestration Content Delivery Network Deployment Work hard in silence, let your success be your noise. Agile NLP
